
Microsoft Visual Studio Solution File, Format Version 12.00
# Visual Studio Version 16
VisualStudioVersion = 16.0.33529.622
MinimumVisualStudioVersion = 10.0.40219.1
Project("{FAE04EC0-301F-11D3-BF4B-00C04F79EFBC}") = "TaskPlanner", "TaskPlanner\TaskPlanner.csproj", "{40759192-511B-485C-84C5-69CB2392F325}"
EndProject
Global
	GlobalSection(SolutionConfigurationPlatforms) = preSolution
		Debug|Any CPU = Debug|Any CPU
		Release|Any CPU = Release|Any CPU
	EndGlobalSection
	GlobalSection(ProjectConfigurationPlatforms) = postSolution
		{40759192-511B-485C-84C5-69CB2392F325}.Debug|Any CPU.ActiveCfg = Debug|Any CPU
		{40759192-511B-485C-84C5-69CB2392F325}.Debug|Any CPU.Build.0 = Debug|Any CPU
		{40759192-511B-485C-84C5-69CB2392F325}.Release|Any CPU.ActiveCfg = Release|Any CPU
		{40759192-511B-485C-84C5-69CB2392F325}.Release|Any CPU.Build.0 = Release|Any CPU
	EndGlobalSection
	GlobalSection(SolutionProperties) = preSolution
		HideSolutionNode = FALSE
	EndGlobalSection
	GlobalSection(ExtensibilityGlobals) = postSolution
		SolutionGuid = {337C6299-BC1A-4396-9979-DA405A1CFF19}
	EndGlobalSection
EndGlobal
